
Microsoft Visual Studio Solution File, Format Version 12.00
# Visual Studio Version 17
VisualStudioVersion = 17.6.33723.286
MinimumVisualStudioVersion = 10.0.40219.1
Project("{FAE04EC0-301F-11D3-BF4B-00C04F79EFBC}") = "VegitableShop", "VegitableShop\VegitableShop.csproj", "{335271F9-1346-4A51-89B7-A57453C72DAF}"
EndProject
Global
	GlobalSection(SolutionConfigurationPlatforms) = preSolution
		Debug|Any CPU = Debug|Any CPU
		Release|Any CPU = Release|Any CPU
	EndGlobalSection
	GlobalSection(ProjectConfigurationPlatforms) = postSolution
		{335271F9-1346-4A51-89B7-A57453C72DAF}.Debug|Any CPU.ActiveCfg = Debug|Any CPU
		{335271F9-1346-4A51-89B7-A57453C72DAF}.Debug|Any CPU.Build.0 = Debug|Any CPU
		{335271F9-1346-4A51-89B7-A57453C72DAF}.Release|Any CPU.ActiveCfg = Release|Any CPU
		{335271F9-1346-4A51-89B7-A57453C72DAF}.Release|Any CPU.Build.0 = Release|Any CPU
	EndGlobalSection
	GlobalSection(SolutionProperties) = preSolution
		HideSolutionNode = FALSE
	EndGlobalSection
	GlobalSection(ExtensibilityGlobals) = postSolution
		SolutionGuid = {FAFA788C-CDC4-4591-A244-77C692CEA858}
	EndGlobalSection
EndGlobal
